{
  "name": "Personal Site",
  "lockfileVersion": 3,
  "requires": true,
  "packages": {
    "": {
      "dependencies": {
        "lax.js": "^2.0.3",
        "rellax": "^1.12.1"
      }
    },
    "node_modules/lax.js": {
      "version": "2.0.3",
      "resolved": "https://registry.npmjs.org/lax.js/-/lax.js-2.0.3.tgz",
      "integrity": "sha512-q2q0jVRwruvFdQZeeE3OwIszRIkey6CItPmB+BcTUFPgHd2R8LI+bntAI7d2GJEjheu79mzQ++MROkODuZoXlA=="
    },
    "node_modules/rellax": {
      "version": "1.12.1",
      "resolved": "https://registry.npmjs.org/rellax/-/rellax-1.12.1.tgz",
      "integrity": "sha512-XBIi0CDpW5FLTujYjYBn1CIbK2CJL6TsAg/w409KghP2LucjjzBjsujXDAjyBLWgsfupfUcL5WzdnIPcGfK7XA=="
    }
  }
}
